
Microsoft Visual Studio Solution File, Format Version 12.00
# Visual Studio Version 17
VisualStudioVersion = 17.2.32630.192
MinimumVisualStudioVersion = 10.0.40219.1
Project("{FAE04EC0-301F-11D3-BF4B-00C04F79EFBC}") = "WAD_T2104E_BuiManhTuan", "WAD_T2104E_BuiManhTuan\WAD_T2104E_BuiManhTuan.csproj", "{7207744C-F467-466F-95F9-D3C84D0C2377}"
EndProject
Global
	GlobalSection(SolutionConfigurationPlatforms) = preSolution
		Debug|Any CPU = Debug|Any CPU
		Release|Any CPU = Release|Any CPU
	EndGlobalSection
	GlobalSection(ProjectConfigurationPlatforms) = postSolution
		{7207744C-F467-466F-95F9-D3C84D0C2377}.Debug|Any CPU.ActiveCfg = Debug|Any CPU
		{7207744C-F467-466F-95F9-D3C84D0C2377}.Debug|Any CPU.Build.0 = Debug|Any CPU
		{7207744C-F467-466F-95F9-D3C84D0C2377}.Release|Any CPU.ActiveCfg = Release|Any CPU
		{7207744C-F467-466F-95F9-D3C84D0C2377}.Release|Any CPU.Build.0 = Release|Any CPU
	EndGlobalSection
	GlobalSection(SolutionProperties) = preSolution
		HideSolutionNode = FALSE
	EndGlobalSection
	GlobalSection(ExtensibilityGlobals) = postSolution
		SolutionGuid = {F644C932-1900-47F1-A59A-8A95F4655F75}
	EndGlobalSection
EndGlobal
